
Microsoft Visual Studio Solution File, Format Version 12.00
# Visual Studio Version 17
VisualStudioVersion = 17.7.34221.43
MinimumVisualStudioVersion = 10.0.40219.1
Project("{778DAE3C-4631-46EA-AA77-85C1314464D9}") = "RhythmToolsUI", "RDLevelToolsUI\RDLevelToolsUI\RhythmToolsUI.vbproj", "{2CFA9DBE-ECCC-4280-9201-E0822725E29B}"
EndProject
Project("{778DAE3C-4631-46EA-AA77-85C1314464D9}") = "RhythmAddition", "RhythmTools\RhythmAddition.vbproj", "{EEA70834-7EAE-465E-B90A-D1421A259B09}"
EndProject
Project("{9A19103F-16F7-4668-BE54-9A1E7A4F7556}") = "FastTest", "FastTest\FastTest.csproj", "{87931AE0-3DD0-4AC2-B2D3-8E7720980E38}"
EndProject
Project("{9A19103F-16F7-4668-BE54-9A1E7A4F7556}") = "RhythmHospital", "RhythmEdega\RhythmHospital.csproj", "{F0D688D5-E714-404F-87DC-63BB673B27C7}"
EndProject
Project("{778DAE3C-4631-46EA-AA77-85C1314464D9}") = "RhythmAnimation", "RhythmAnimation\RhythmAnimation.vbproj", "{BB6E86E1-11EB-44C9-8561-2672DAF1918E}"
EndProject
Project("{9A19103F-16F7-4668-BE54-9A1E7A4F7556}") = "RhythmBase", "RhythmBaseCS\RhythmBase.csproj", "{B7F525A8-CB1F-456C-B5C8-C998435C6150}"
EndProject
Global
	GlobalSection(SolutionConfigurationPlatforms) = preSolution
		Debug|Any CPU = Debug|Any CPU
		Debug|arm64 = Debug|arm64
		Debug|x64 = Debug|x64
		Debug|x86 = Debug|x86
		Release|Any CPU = Release|Any CPU
		Release|arm64 = Release|arm64
		Release|x64 = Release|x64
		Release|x86 = Release|x86
	EndGlobalSection
	GlobalSection(ProjectConfigurationPlatforms) = postSolution
		{2CFA9DBE-ECCC-4280-9201-E0822725E29B}.Debug|Any CPU.ActiveCfg = Debug|Any CPU
		{2CFA9DBE-ECCC-4280-9201-E0822725E29B}.Debug|Any CPU.Build.0 = Debug|Any CPU
		{2CFA9DBE-ECCC-4280-9201-E0822725E29B}.Debug|arm64.ActiveCfg = Debug|Any CPU
		{2CFA9DBE-ECCC-4280-9201-E0822725E29B}.Debug|arm64.Build.0 = Debug|Any CPU
		{2CFA9DBE-ECCC-4280-9201-E0822725E29B}.Debug|x64.ActiveCfg = Debug|Any CPU
		{2CFA9DBE-ECCC-4280-9201-E0822725E29B}.Debug|x64.Build.0 = Debug|Any CPU
		{2CFA9DBE-ECCC-4280-9201-E0822725E29B}.Debug|x86.ActiveCfg = Debug|Any CPU
		{2CFA9DBE-ECCC-4280-9201-E0822725E29B}.Debug|x86.Build.0 = Debug|Any CPU
		{2CFA9DBE-ECCC-4280-9201-E0822725E29B}.Release|Any CPU.ActiveCfg = Release|Any CPU
		{2CFA9DBE-ECCC-4280-9201-E0822725E29B}.Release|Any CPU.Build.0 = Release|Any CPU
		{2CFA9DBE-ECCC-4280-9201-E0822725E29B}.Release|arm64.ActiveCfg = Release|Any CPU
		{2CFA9DBE-ECCC-4280-9201-E0822725E29B}.Release|arm64.Build.0 = Release|Any CPU
		{2CFA9DBE-ECCC-4280-9201-E0822725E29B}.Release|x64.ActiveCfg = Release|Any CPU
		{2CFA9DBE-ECCC-4280-9201-E0822725E29B}.Release|x64.Build.0 = Release|Any CPU
		{2CFA9DBE-ECCC-4280-9201-E0822725E29B}.Release|x86.ActiveCfg = Release|Any CPU
		{2CFA9DBE-ECCC-4280-9201-E0822725E29B}.Release|x86.Build.0 = Release|Any CPU
		{EEA70834-7EAE-465E-B90A-D1421A259B09}.Debug|Any CPU.ActiveCfg = Debug|Any CPU
		{EEA70834-7EAE-465E-B90A-D1421A259B09}.Debug|Any CPU.Build.0 = Debug|Any CPU
		{EEA70834-7EAE-465E-B90A-D1421A259B09}.Debug|arm64.ActiveCfg = Debug|Any CPU
		{EEA70834-7EAE-465E-B90A-D1421A259B09}.Debug|arm64.Build.0 = Debug|Any CPU
		{EEA70834-7EAE-465E-B90A-D1421A259B09}.Debug|x64.ActiveCfg = Debug|Any CPU
		{EEA70834-7EAE-465E-B90A-D1421A259B09}.Debug|x64.Build.0 = Debug|Any CPU
		{EEA70834-7EAE-465E-B90A-D1421A259B09}.Debug|x86.ActiveCfg = Debug|Any CPU
		{EEA70834-7EAE-465E-B90A-D1421A259B09}.Debug|x86.Build.0 = Debug|Any CPU
		{EEA70834-7EAE-465E-B90A-D1421A259B09}.Release|Any CPU.ActiveCfg = Release|Any CPU
		{EEA70834-7EAE-465E-B90A-D1421A259B09}.Release|Any CPU.Build.0 = Release|Any CPU
		{EEA70834-7EAE-465E-B90A-D1421A259B09}.Release|arm64.ActiveCfg = Release|Any CPU
		{EEA70834-7EAE-465E-B90A-D1421A259B09}.Release|arm64.Build.0 = Release|Any CPU
		{EEA70834-7EAE-465E-B90A-D1421A259B09}.Release|x64.ActiveCfg = Release|Any CPU
		{EEA70834-7EAE-465E-B90A-D1421A259B09}.Release|x64.Build.0 = Release|Any CPU
		{EEA70834-7EAE-465E-B90A-D1421A259B09}.Release|x86.ActiveCfg = Release|Any CPU
		{EEA70834-7EAE-465E-B90A-D1421A259B09}.Release|x86.Build.0 = Release|Any CPU
		{87931AE0-3DD0-4AC2-B2D3-8E7720980E38}.Debug|Any CPU.ActiveCfg = Debug|Any CPU
		{87931AE0-3DD0-4AC2-B2D3-8E7720980E38}.Debug|Any CPU.Build.0 = Debug|Any CPU
		{87931AE0-3DD0-4AC2-B2D3-8E7720980E38}.Debug|arm64.ActiveCfg = Debug|Any CPU
		{87931AE0-3DD0-4AC2-B2D3-8E7720980E38}.Debug|arm64.Build.0 = Debug|Any CPU
		{87931AE0-3DD0-4AC2-B2D3-8E7720980E38}.Debug|x64.ActiveCfg = Debug|Any CPU
		{87931AE0-3DD0-4AC2-B2D3-8E7720980E38}.Debug|x64.Build.0 = Debug|Any CPU
		{87931AE0-3DD0-4AC2-B2D3-8E7720980E38}.Debug|x86.ActiveCfg = Debug|Any CPU
		{87931AE0-3DD0-4AC2-B2D3-8E7720980E38}.Debug|x86.Build.0 = Debug|Any CPU
		{87931AE0-3DD0-4AC2-B2D3-8E7720980E38}.Release|Any CPU.ActiveCfg = Release|Any CPU
		{87931AE0-3DD0-4AC2-B2D3-8E7720980E38}.Release|Any CPU.Build.0 = Release|Any CPU
		{87931AE0-3DD0-4AC2-B2D3-8E7720980E38}.Release|arm64.ActiveCfg = Release|Any CPU
		{87931AE0-3DD0-4AC2-B2D3-8E7720980E38}.Release|arm64.Build.0 = Release|Any CPU
		{87931AE0-3DD0-4AC2-B2D3-8E7720980E38}.Release|x64.ActiveCfg = Release|Any CPU
		{87931AE0-3DD0-4AC2-B2D3-8E7720980E38}.Release|x64.Build.0 = Release|Any CPU
		{87931AE0-3DD0-4AC2-B2D3-8E7720980E38}.Release|x86.ActiveCfg = Release|Any CPU
		{87931AE0-3DD0-4AC2-B2D3-8E7720980E38}.Release|x86.Build.0 = Release|Any CPU
		{F0D688D5-E714-404F-87DC-63BB673B27C7}.Debug|Any CPU.ActiveCfg = Debug|Any CPU
		{F0D688D5-E714-404F-87DC-63BB673B27C7}.Debug|Any CPU.Build.0 = Debug|Any CPU
		{F0D688D5-E714-404F-87DC-63BB673B27C7}.Debug|arm64.ActiveCfg = Debug|Any CPU
		{F0D688D5-E714-404F-87DC-63BB673B27C7}.Debug|arm64.Build.0 = Debug|Any CPU
		{F0D688D5-E714-404F-87DC-63BB673B27C7}.Debug|x64.ActiveCfg = Debug|Any CPU
		{F0D688D5-E714-404F-87DC-63BB673B27C7}.Debug|x64.Build.0 = Debug|Any CPU
		{F0D688D5-E714-404F-87DC-63BB673B27C7}.Debug|x86.ActiveCfg = Debug|Any CPU
		{F0D688D5-E714-404F-87DC-63BB673B27C7}.Debug|x86.Build.0 = Debug|Any CPU
		{F0D688D5-E714-404F-87DC-63BB673B27C7}.Release|Any CPU.ActiveCfg = Release|Any CPU
		{F0D688D5-E714-404F-87DC-63BB673B27C7}.Release|Any CPU.Build.0 = Release|Any CPU
		{F0D688D5-E714-404F-87DC-63BB673B27C7}.Release|arm64.ActiveCfg = Release|Any CPU
		{F0D688D5-E714-404F-87DC-63BB673B27C7}.Release|arm64.Build.0 = Release|Any CPU
		{F0D688D5-E714-404F-87DC-63BB673B27C7}.Release|x64.ActiveCfg = Release|Any CPU
		{F0D688D5-E714-404F-87DC-63BB673B27C7}.Release|x64.Build.0 = Release|Any CPU
		{F0D688D5-E714-404F-87DC-63BB673B27C7}.Release|x86.ActiveCfg = Release|Any CPU
		{F0D688D5-E714-404F-87DC-63BB673B27C7}.Release|x86.Build.0 = Release|Any CPU
		{BB6E86E1-11EB-44C9-8561-2672DAF1918E}.Debug|Any CPU.ActiveCfg = Debug|Any CPU
		{BB6E86E1-11EB-44C9-8561-2672DAF1918E}.Debug|Any CPU.Build.0 = Debug|Any CPU
		{BB6E86E1-11EB-44C9-8561-2672DAF1918E}.Debug|arm64.ActiveCfg = Debug|Any CPU
		{BB6E86E1-11EB-44C9-8561-2672DAF1918E}.Debug|arm64.Build.0 = Debug|Any CPU
		{BB6E86E1-11EB-44C9-8561-2672DAF1918E}.Debug|x64.ActiveCfg = Debug|Any CPU
		{BB6E86E1-11EB-44C9-8561-2672DAF1918E}.Debug|x64.Build.0 = Debug|Any CPU
		{BB6E86E1-11EB-44C9-8561-2672DAF1918E}.Debug|x86.ActiveCfg = Debug|Any CPU
		{BB6E86E1-11EB-44C9-8561-2672DAF1918E}.Debug|x86.Build.0 = Debug|Any CPU
		{BB6E86E1-11EB-44C9-8561-2672DAF1918E}.Release|Any CPU.ActiveCfg = Release|Any CPU
		{BB6E86E1-11EB-44C9-8561-2672DAF1918E}.Release|Any CPU.Build.0 = Release|Any CPU
		{BB6E86E1-11EB-44C9-8561-2672DAF1918E}.Release|arm64.ActiveCfg = Release|Any CPU
		{BB6E86E1-11EB-44C9-8561-2672DAF1918E}.Release|arm64.Build.0 = Release|Any CPU
		{BB6E86E1-11EB-44C9-8561-2672DAF1918E}.Release|x64.ActiveCfg = Release|Any CPU
		{BB6E86E1-11EB-44C9-8561-2672DAF1918E}.Release|x64.Build.0 = Release|Any CPU
		{BB6E86E1-11EB-44C9-8561-2672DAF1918E}.Release|x86.ActiveCfg = Release|Any CPU
		{BB6E86E1-11EB-44C9-8561-2672DAF1918E}.Release|x86.Build.0 = Release|Any CPU
		{B7F525A8-CB1F-456C-B5C8-C998435C6150}.Debug|Any CPU.ActiveCfg = Debug|Any CPU
		{B7F525A8-CB1F-456C-B5C8-C998435C6150}.Debug|Any CPU.Build.0 = Debug|Any CPU
		{B7F525A8-CB1F-456C-B5C8-C998435C6150}.Debug|arm64.ActiveCfg = Debug|Any CPU
		{B7F525A8-CB1F-456C-B5C8-C998435C6150}.Debug|arm64.Build.0 = Debug|Any CPU
		{B7F525A8-CB1F-456C-B5C8-C998435C6150}.Debug|x64.ActiveCfg = Debug|Any CPU
		{B7F525A8-CB1F-456C-B5C8-C998435C6150}.Debug|x64.Build.0 = Debug|Any CPU
		{B7F525A8-CB1F-456C-B5C8-C998435C6150}.Debug|x86.ActiveCfg = Debug|Any CPU
		{B7F525A8-CB1F-456C-B5C8-C998435C6150}.Debug|x86.Build.0 = Debug|Any CPU
		{B7F525A8-CB1F-456C-B5C8-C998435C6150}.Release|Any CPU.ActiveCfg = Release|Any CPU
		{B7F525A8-CB1F-456C-B5C8-C998435C6150}.Release|Any CPU.Build.0 = Release|Any CPU
		{B7F525A8-CB1F-456C-B5C8-C998435C6150}.Release|arm64.ActiveCfg = Release|Any CPU
		{B7F525A8-CB1F-456C-B5C8-C998435C6150}.Release|arm64.Build.0 = Release|Any CPU
		{B7F525A8-CB1F-456C-B5C8-C998435C6150}.Release|x64.ActiveCfg = Release|Any CPU
		{B7F525A8-CB1F-456C-B5C8-C998435C6150}.Release|x64.Build.0 = Release|Any CPU
		{B7F525A8-CB1F-456C-B5C8-C998435C6150}.Release|x86.ActiveCfg = Release|Any CPU
		{B7F525A8-CB1F-456C-B5C8-C998435C6150}.Release|x86.Build.0 = Release|Any CPU
	EndGlobalSection
	GlobalSection(SolutionProperties) = preSolution
		HideSolutionNode = FALSE
	EndGlobalSection
	GlobalSection(ExtensibilityGlobals) = postSolution
		SolutionGuid = {E05BCE64-77DC-48A2-9303-A9C80C7CB960}
	EndGlobalSection
EndGlobal
