
Microsoft Visual Studio Solution File, Format Version 12.00
# Visual Studio Version 17
VisualStudioVersion = 17.7.34221.43
MinimumVisualStudioVersion = 10.0.40219.1
Project("{778DAE3C-4631-46EA-AA77-85C1314464D9}") = "BeatsViewer", "..\BeatsViewer\BeatsViewer\BeatsViewer.vbproj", "{F983CA81-1665-4158-B7AF-57D4BE9173CC}"
EndProject
Project("{778DAE3C-4631-46EA-AA77-85C1314464D9}") = "WaveProducer", "WaveProducer\WaveProducer.vbproj", "{B7FF6CF9-EE63-4E86-BB3D-D895E960EBA8}"
EndProject
Project("{778DAE3C-4631-46EA-AA77-85C1314464D9}") = "RhythmToolsUI", "RDLevelToolsUI\RDLevelToolsUI\RhythmToolsUI.vbproj", "{2CFA9DBE-ECCC-4280-9201-E0822725E29B}"
EndProject
Project("{778DAE3C-4631-46EA-AA77-85C1314464D9}") = "RhythmBase", "RhythmBase\RhythmBase.vbproj", "{84EA0FBA-960F-4FD8-8A44-326B67E4CE77}"
EndProject
Project("{778DAE3C-4631-46EA-AA77-85C1314464D9}") = "RhythmAsset", "RhythmSprite\RhythmAsset.vbproj", "{52343E60-52B3-48CC-A944-C7019BE6FA83}"
EndProject
Project("{778DAE3C-4631-46EA-AA77-85C1314464D9}") = "RhythmTools", "RhythmTools\RhythmTools.vbproj", "{EEA70834-7EAE-465E-B90A-D1421A259B09}"
EndProject
Project("{778DAE3C-4631-46EA-AA77-85C1314464D9}") = "RhythmLocalization", "RhythmLocalization\RhythmLocalization.vbproj", "{3911AA58-7F28-4929-AD83-B42C4683E5F7}"
EndProject
Global
	GlobalSection(SolutionConfigurationPlatforms) = preSolution
		Debug|Any CPU = Debug|Any CPU
		Debug|x64 = Debug|x64
		Debug|x86 = Debug|x86
		Release|Any CPU = Release|Any CPU
		Release|x64 = Release|x64
		Release|x86 = Release|x86
	EndGlobalSection
	GlobalSection(ProjectConfigurationPlatforms) = postSolution
		{F983CA81-1665-4158-B7AF-57D4BE9173CC}.Debug|Any CPU.ActiveCfg = Debug|Any CPU
		{F983CA81-1665-4158-B7AF-57D4BE9173CC}.Debug|Any CPU.Build.0 = Debug|Any CPU
		{F983CA81-1665-4158-B7AF-57D4BE9173CC}.Debug|x64.ActiveCfg = Debug|Any CPU
		{F983CA81-1665-4158-B7AF-57D4BE9173CC}.Debug|x64.Build.0 = Debug|Any CPU
		{F983CA81-1665-4158-B7AF-57D4BE9173CC}.Debug|x86.ActiveCfg = Debug|Any CPU
		{F983CA81-1665-4158-B7AF-57D4BE9173CC}.Debug|x86.Build.0 = Debug|Any CPU
		{F983CA81-1665-4158-B7AF-57D4BE9173CC}.Release|Any CPU.ActiveCfg = Release|Any CPU
		{F983CA81-1665-4158-B7AF-57D4BE9173CC}.Release|Any CPU.Build.0 = Release|Any CPU
		{F983CA81-1665-4158-B7AF-57D4BE9173CC}.Release|x64.ActiveCfg = Release|Any CPU
		{F983CA81-1665-4158-B7AF-57D4BE9173CC}.Release|x64.Build.0 = Release|Any CPU
		{F983CA81-1665-4158-B7AF-57D4BE9173CC}.Release|x86.ActiveCfg = Release|Any CPU
		{F983CA81-1665-4158-B7AF-57D4BE9173CC}.Release|x86.Build.0 = Release|Any CPU
		{B7FF6CF9-EE63-4E86-BB3D-D895E960EBA8}.Debug|Any CPU.ActiveCfg = Debug|Any CPU
		{B7FF6CF9-EE63-4E86-BB3D-D895E960EBA8}.Debug|Any CPU.Build.0 = Debug|Any CPU
		{B7FF6CF9-EE63-4E86-BB3D-D895E960EBA8}.Debug|x64.ActiveCfg = Debug|Any CPU
		{B7FF6CF9-EE63-4E86-BB3D-D895E960EBA8}.Debug|x64.Build.0 = Debug|Any CPU
		{B7FF6CF9-EE63-4E86-BB3D-D895E960EBA8}.Debug|x86.ActiveCfg = Debug|Any CPU
		{B7FF6CF9-EE63-4E86-BB3D-D895E960EBA8}.Debug|x86.Build.0 = Debug|Any CPU
		{B7FF6CF9-EE63-4E86-BB3D-D895E960EBA8}.Release|Any CPU.ActiveCfg = Release|Any CPU
		{B7FF6CF9-EE63-4E86-BB3D-D895E960EBA8}.Release|Any CPU.Build.0 = Release|Any CPU
		{B7FF6CF9-EE63-4E86-BB3D-D895E960EBA8}.Release|x64.ActiveCfg = Release|Any CPU
		{B7FF6CF9-EE63-4E86-BB3D-D895E960EBA8}.Release|x64.Build.0 = Release|Any CPU
		{B7FF6CF9-EE63-4E86-BB3D-D895E960EBA8}.Release|x86.ActiveCfg = Release|Any CPU
		{B7FF6CF9-EE63-4E86-BB3D-D895E960EBA8}.Release|x86.Build.0 = Release|Any CPU
		{2CFA9DBE-ECCC-4280-9201-E0822725E29B}.Debug|Any CPU.ActiveCfg = Debug|Any CPU
		{2CFA9DBE-ECCC-4280-9201-E0822725E29B}.Debug|Any CPU.Build.0 = Debug|Any CPU
		{2CFA9DBE-ECCC-4280-9201-E0822725E29B}.Debug|x64.ActiveCfg = Debug|Any CPU
		{2CFA9DBE-ECCC-4280-9201-E0822725E29B}.Debug|x64.Build.0 = Debug|Any CPU
		{2CFA9DBE-ECCC-4280-9201-E0822725E29B}.Debug|x86.ActiveCfg = Debug|Any CPU
		{2CFA9DBE-ECCC-4280-9201-E0822725E29B}.Debug|x86.Build.0 = Debug|Any CPU
		{2CFA9DBE-ECCC-4280-9201-E0822725E29B}.Release|Any CPU.ActiveCfg = Release|Any CPU
		{2CFA9DBE-ECCC-4280-9201-E0822725E29B}.Release|Any CPU.Build.0 = Release|Any CPU
		{2CFA9DBE-ECCC-4280-9201-E0822725E29B}.Release|x64.ActiveCfg = Release|Any CPU
		{2CFA9DBE-ECCC-4280-9201-E0822725E29B}.Release|x64.Build.0 = Release|Any CPU
		{2CFA9DBE-ECCC-4280-9201-E0822725E29B}.Release|x86.ActiveCfg = Release|Any CPU
		{2CFA9DBE-ECCC-4280-9201-E0822725E29B}.Release|x86.Build.0 = Release|Any CPU
		{84EA0FBA-960F-4FD8-8A44-326B67E4CE77}.Debug|Any CPU.ActiveCfg = Debug|Any CPU
		{84EA0FBA-960F-4FD8-8A44-326B67E4CE77}.Debug|Any CPU.Build.0 = Debug|Any CPU
		{84EA0FBA-960F-4FD8-8A44-326B67E4CE77}.Debug|x64.ActiveCfg = Debug|Any CPU
		{84EA0FBA-960F-4FD8-8A44-326B67E4CE77}.Debug|x64.Build.0 = Debug|Any CPU
		{84EA0FBA-960F-4FD8-8A44-326B67E4CE77}.Debug|x86.ActiveCfg = Debug|Any CPU
		{84EA0FBA-960F-4FD8-8A44-326B67E4CE77}.Debug|x86.Build.0 = Debug|Any CPU
		{84EA0FBA-960F-4FD8-8A44-326B67E4CE77}.Release|Any CPU.ActiveCfg = Release|Any CPU
		{84EA0FBA-960F-4FD8-8A44-326B67E4CE77}.Release|Any CPU.Build.0 = Release|Any CPU
		{84EA0FBA-960F-4FD8-8A44-326B67E4CE77}.Release|x64.ActiveCfg = Release|Any CPU
		{84EA0FBA-960F-4FD8-8A44-326B67E4CE77}.Release|x64.Build.0 = Release|Any CPU
		{84EA0FBA-960F-4FD8-8A44-326B67E4CE77}.Release|x86.ActiveCfg = Release|Any CPU
		{84EA0FBA-960F-4FD8-8A44-326B67E4CE77}.Release|x86.Build.0 = Release|Any CPU
		{52343E60-52B3-48CC-A944-C7019BE6FA83}.Debug|Any CPU.ActiveCfg = Debug|Any CPU
		{52343E60-52B3-48CC-A944-C7019BE6FA83}.Debug|Any CPU.Build.0 = Debug|Any CPU
		{52343E60-52B3-48CC-A944-C7019BE6FA83}.Debug|x64.ActiveCfg = Debug|Any CPU
		{52343E60-52B3-48CC-A944-C7019BE6FA83}.Debug|x64.Build.0 = Debug|Any CPU
		{52343E60-52B3-48CC-A944-C7019BE6FA83}.Debug|x86.ActiveCfg = Debug|Any CPU
		{52343E60-52B3-48CC-A944-C7019BE6FA83}.Debug|x86.Build.0 = Debug|Any CPU
		{52343E60-52B3-48CC-A944-C7019BE6FA83}.Release|Any CPU.ActiveCfg = Release|Any CPU
		{52343E60-52B3-48CC-A944-C7019BE6FA83}.Release|Any CPU.Build.0 = Release|Any CPU
		{52343E60-52B3-48CC-A944-C7019BE6FA83}.Release|x64.ActiveCfg = Release|Any CPU
		{52343E60-52B3-48CC-A944-C7019BE6FA83}.Release|x64.Build.0 = Release|Any CPU
		{52343E60-52B3-48CC-A944-C7019BE6FA83}.Release|x86.ActiveCfg = Release|Any CPU
		{52343E60-52B3-48CC-A944-C7019BE6FA83}.Release|x86.Build.0 = Release|Any CPU
		{EEA70834-7EAE-465E-B90A-D1421A259B09}.Debug|Any CPU.ActiveCfg = Debug|Any CPU
		{EEA70834-7EAE-465E-B90A-D1421A259B09}.Debug|Any CPU.Build.0 = Debug|Any CPU
		{EEA70834-7EAE-465E-B90A-D1421A259B09}.Debug|x64.ActiveCfg = Debug|Any CPU
		{EEA70834-7EAE-465E-B90A-D1421A259B09}.Debug|x64.Build.0 = Debug|Any CPU
		{EEA70834-7EAE-465E-B90A-D1421A259B09}.Debug|x86.ActiveCfg = Debug|Any CPU
		{EEA70834-7EAE-465E-B90A-D1421A259B09}.Debug|x86.Build.0 = Debug|Any CPU
		{EEA70834-7EAE-465E-B90A-D1421A259B09}.Release|Any CPU.ActiveCfg = Release|Any CPU
		{EEA70834-7EAE-465E-B90A-D1421A259B09}.Release|Any CPU.Build.0 = Release|Any CPU
		{EEA70834-7EAE-465E-B90A-D1421A259B09}.Release|x64.ActiveCfg = Release|Any CPU
		{EEA70834-7EAE-465E-B90A-D1421A259B09}.Release|x64.Build.0 = Release|Any CPU
		{EEA70834-7EAE-465E-B90A-D1421A259B09}.Release|x86.ActiveCfg = Release|Any CPU
		{EEA70834-7EAE-465E-B90A-D1421A259B09}.Release|x86.Build.0 = Release|Any CPU
		{3911AA58-7F28-4929-AD83-B42C4683E5F7}.Debug|Any CPU.ActiveCfg = Debug|Any CPU
		{3911AA58-7F28-4929-AD83-B42C4683E5F7}.Debug|Any CPU.Build.0 = Debug|Any CPU
		{3911AA58-7F28-4929-AD83-B42C4683E5F7}.Debug|x64.ActiveCfg = Debug|Any CPU
		{3911AA58-7F28-4929-AD83-B42C4683E5F7}.Debug|x64.Build.0 = Debug|Any CPU
		{3911AA58-7F28-4929-AD83-B42C4683E5F7}.Debug|x86.ActiveCfg = Debug|Any CPU
		{3911AA58-7F28-4929-AD83-B42C4683E5F7}.Debug|x86.Build.0 = Debug|Any CPU
		{3911AA58-7F28-4929-AD83-B42C4683E5F7}.Release|Any CPU.ActiveCfg = Release|Any CPU
		{3911AA58-7F28-4929-AD83-B42C4683E5F7}.Release|Any CPU.Build.0 = Release|Any CPU
		{3911AA58-7F28-4929-AD83-B42C4683E5F7}.Release|x64.ActiveCfg = Release|Any CPU
		{3911AA58-7F28-4929-AD83-B42C4683E5F7}.Release|x64.Build.0 = Release|Any CPU
		{3911AA58-7F28-4929-AD83-B42C4683E5F7}.Release|x86.ActiveCfg = Release|Any CPU
		{3911AA58-7F28-4929-AD83-B42C4683E5F7}.Release|x86.Build.0 = Release|Any CPU
	EndGlobalSection
	GlobalSection(SolutionProperties) = preSolution
		HideSolutionNode = FALSE
	EndGlobalSection
	GlobalSection(ExtensibilityGlobals) = postSolution
		SolutionGuid = {E05BCE64-77DC-48A2-9303-A9C80C7CB960}
	EndGlobalSection
EndGlobal
